// !$*UTF8*$!
{
	archiveVersion = 1;
	classes = {
	};
	objectVersion = 46;
	objects = {

/* Begin PBXBuildFile section */
		6D24753B1CAAB1050044D223 /* TextAttributes.h in Headers */ = {isa = PBXBuildFile; fileRef = 6D24753A1CAAB1050044D223 /* TextAttributes.h */; settings = {ATTRIBUTES = (Public, ); }; };
		6D2475421CAAB1050044D223 /* TextAttributes.framework in Frameworks */ = {isa = PBXBuildFile; fileRef = 6D2475371CAAB1050044D223 /* TextAttributes.framework */; };
		6D2475471CAAB1050044D223 /* TextAttributesTests.swift in Sources */ = {isa = PBXBuildFile; fileRef = 6D2475461CAAB1050044D223 /* TextAttributesTests.swift */; };
		6D2475521CAAB1140044D223 /* TextAttributes.swift in Sources */ = {isa = PBXBuildFile; fileRef = 6D2475511CAAB1140044D223 /* TextAttributes.swift */; };
		6DB519801CCA8189005C3E83 /* TextAttributes.h in Headers */ = {isa = PBXBuildFile; fileRef = 6D24753A1CAAB1050044D223 /* TextAttributes.h */; settings = {ATTRIBUTES = (Public, ); }; };
		6DB519811CCA8195005C3E83 /* Utilities.swift in Sources */ = {isa = PBXBuildFile; fileRef = 6DB8402C1CB1F398002AB94E /* Utilities.swift */; };
		6DB519821CCA819A005C3E83 /* AttributedString.swift in Sources */ = {isa = PBXBuildFile; fileRef = 6DC3C56A1CB82FCB00ED7249 /* AttributedString.swift */; };
		6DB519861CCA8AD9005C3E83 /* TextAttributes.swift in Sources */ = {isa = PBXBuildFile; fileRef = 6D2475511CAAB1140044D223 /* TextAttributes.swift */; };
		6DB519961CCA8CEF005C3E83 /* TextAttributes.framework in Frameworks */ = {isa = PBXBuildFile; fileRef = 6DB5198C1CCA8CEF005C3E83 /* TextAttributes.framework */; };
		6DB519A31CCA8D8F005C3E83 /* TextAttributes.h in Headers */ = {isa = PBXBuildFile; fileRef = 6D24753A1CAAB1050044D223 /* TextAttributes.h */; settings = {ATTRIBUTES = (Public, ); }; };
		6DB519C91CCA90FB005C3E83 /* TextAttributes.swift in Sources */ = {isa = PBXBuildFile; fileRef = 6D2475511CAAB1140044D223 /* TextAttributes.swift */; };
		6DB519CA1CCA9101005C3E83 /* Utilities.swift in Sources */ = {isa = PBXBuildFile; fileRef = 6DB8402C1CB1F398002AB94E /* Utilities.swift */; };
		6DB519CB1CCA9101005C3E83 /* AttributedString.swift in Sources */ = {isa = PBXBuildFile; fileRef = 6DC3C56A1CB82FCB00ED7249 /* AttributedString.swift */; };
		6DB519CC1CCA9107005C3E83 /* TextAttributesTests.swift in Sources */ = {isa = PBXBuildFile; fileRef = 6D2475461CAAB1050044D223 /* TextAttributesTests.swift */; };
		6DB8402D1CB1F398002AB94E /* Utilities.swift in Sources */ = {isa = PBXBuildFile; fileRef = 6DB8402C1CB1F398002AB94E /* Utilities.swift */; };
		6DC3C56B1CB82FCB00ED7249 /* AttributedString.swift in Sources */ = {isa = PBXBuildFile; fileRef = 6DC3C56A1CB82FCB00ED7249 /* AttributedString.swift */; };
		6DDF4E3A1CD1260B002AA459 /* TextAttributes.framework in Frameworks */ = {isa = PBXBuildFile; fileRef = 6DDF4E301CD1260A002AA459 /* TextAttributes.framework */; };
		6DDF4E471CD203A3002AA459 /* TextAttributes.h in Headers */ = {isa = PBXBuildFile; fileRef = 6D24753A1CAAB1050044D223 /* TextAttributes.h */; settings = {ATTRIBUTES = (Public, ); }; };
		6DDF4E481CD20452002AA459 /* TextAttributes.swift in Sources */ = {isa = PBXBuildFile; fileRef = 6D2475511CAAB1140044D223 /* TextAttributes.swift */; };
		6DDF4E491CD20456002AA459 /* AttributedString.swift in Sources */ = {isa = PBXBuildFile; fileRef = 6DC3C56A1CB82FCB00ED7249 /* AttributedString.swift */; };
		6DDF4E4A1CD2045A002AA459 /* Utilities.swift in Sources */ = {isa = PBXBuildFile; fileRef = 6DB8402C1CB1F398002AB94E /* Utilities.swift */; };
		6DDF4E4B1CD20817002AA459 /* TextAttributesTests.swift in Sources */ = {isa = PBXBuildFile; fileRef = 6D2475461CAAB1050044D223 /* TextAttributesTests.swift */; };
/* End PBXBuildFile section */

/* Begin PBXContainerItemProxy section */
		6D2475431CAAB1050044D223 /* PBXContainerItemProxy */ = {
			isa = PBXContainerItemProxy;
			containerPortal = 6D24752E1CAAB1050044D223 /* Project object */;
			proxyType = 1;
			remoteGlobalIDString = 6D2475361CAAB1050044D223;
			remoteInfo = TextAttributes;
		};
		6DB519971CCA8CEF005C3E83 /* PBXContainerItemProxy */ = {
			isa = PBXContainerItemProxy;
			containerPortal = 6D24752E1CAAB1050044D223 /* Project object */;
			proxyType = 1;
			remoteGlobalIDString = 6DB5198B1CCA8CEF005C3E83;
			remoteInfo = "TextAttributes tvOS";
		};
		6DDF4E3B1CD1260B002AA459 /* PBXContainerItemProxy */ = {
			isa = PBXContainerItemProxy;
			containerPortal = 6D24752E1CAAB1050044D223 /* Project object */;
			proxyType = 1;
			remoteGlobalIDString = 6DDF4E2F1CD1260A002AA459;
			remoteInfo = TextAttributes;
		};
/* End PBXContainerItemProxy section */

/* Begin PBXFileReference section */
		6D2475371CAAB1050044D223 /* TextAttributes.framework */ = {isa = PBXFileReference; explicitFileType = wrapper.framework; includeInIndex = 0; path = TextAttributes.framework; sourceTree = BUILT_PRODUCTS_DIR; };
		6D24753A1CAAB1050044D223 /* TextAttributes.h */ = {isa = PBXFileReference; lastKnownFileType = sourcecode.c.h; path = TextAttributes.h; sourceTree = "<group>"; };
		6D24753C1CAAB1050044D223 /* Info.plist */ = {isa = PBXFileReference; lastKnownFileType = text.plist.xml; path = Info.plist; sourceTree = "<group>"; };
		6D2475411CAAB1050044D223 /* TextAttributes iOS Tests.xctest */ = {isa = PBXFileReference; explicitFileType = wrapper.cfbundle; includeInIndex = 0; path = "TextAttributes iOS Tests.xctest"; sourceTree = BUILT_PRODUCTS_DIR; };
		6D2475461CAAB1050044D223 /* TextAttributesTests.swift */ = {isa = PBXFileReference; fileEncoding = 4; lastKnownFileType = sourcecode.swift; path = TextAttributesTests.swift; sourceTree = "<group>"; };
		6D2475481CAAB1050044D223 /* Info.plist */ = {isa = PBXFileReference; lastKnownFileType = text.plist.xml; path = Info.plist; sourceTree = "<group>"; };
		6D2475511CAAB1140044D223 /* TextAttributes.swift */ = {isa = PBXFileReference; fileEncoding = 4; lastKnownFileType = sourcecode.swift; path = TextAttributes.swift; sourceTree = "<group>"; };
		6DB519781CCA7F30005C3E83 /* TextAttributes.framework */ = {isa = PBXFileReference; explicitFileType = wrapper.framework; includeInIndex = 0; path = TextAttributes.framework; sourceTree = BUILT_PRODUCTS_DIR; };
		6DB5198C1CCA8CEF005C3E83 /* TextAttributes.framework */ = {isa = PBXFileReference; explicitFileType = wrapper.framework; includeInIndex = 0; path = TextAttributes.framework; sourceTree = BUILT_PRODUCTS_DIR; };
		6DB519951CCA8CEF005C3E83 /* TextAttributes tvOS Tests.xctest */ = {isa = PBXFileReference; explicitFileType = wrapper.cfbundle; includeInIndex = 0; path = "TextAttributes tvOS Tests.xctest"; sourceTree = BUILT_PRODUCTS_DIR; };
		6DB8402C1CB1F398002AB94E /* Utilities.swift */ = {isa = PBXFileReference; fileEncoding = 4; lastKnownFileType = sourcecode.swift; path = Utilities.swift; sourceTree = "<group>"; };
		6DC3C56A1CB82FCB00ED7249 /* AttributedString.swift */ = {isa = PBXFileReference; fileEncoding = 4; lastKnownFileType = sourcecode.swift; path = AttributedString.swift; sourceTree = "<group>"; };
		6DDF4E301CD1260A002AA459 /* TextAttributes.framework */ = {isa = PBXFileReference; explicitFileType = wrapper.framework; includeInIndex = 0; path = TextAttributes.framework; sourceTree = BUILT_PRODUCTS_DIR; };
		6DDF4E391CD1260B002AA459 /* TextAttributes OSX Tests.xctest */ = {isa = PBXFileReference; explicitFileType = wrapper.cfbundle; includeInIndex = 0; path = "TextAttributes OSX Tests.xctest"; sourceTree = BUILT_PRODUCTS_DIR; };
/* End PBXFileReference section */

/* Begin PBXFrameworksBuildPhase section */
		6D2475331CAAB1050044D223 /* Frameworks */ = {
			isa = PBXFrameworksBuildPhase;
			buildActionMask = 2147483647;
			files = (
			);
			runOnlyForDeploymentPostprocessing = 0;
		};
		6D24753E1CAAB1050044D223 /* Frameworks */ = {
			isa = PBXFrameworksBuildPhase;
			buildActionMask = 2147483647;
			files = (
				6D2475421CAAB1050044D223 /* TextAttributes.framework in Frameworks */,
			);
			runOnlyForDeploymentPostprocessing = 0;
		};
		6DB519741CCA7F30005C3E83 /* Frameworks */ = {
			isa = PBXFrameworksBuildPhase;
			buildActionMask = 2147483647;
			files = (
			);
			runOnlyForDeploymentPostprocessing = 0;
		};
		6DB519881CCA8CEF005C3E83 /* Frameworks */ = {
			isa = PBXFrameworksBuildPhase;
			buildActionMask = 2147483647;
			files = (
			);
			runOnlyForDeploymentPostprocessing = 0;
		};
		6DB519921CCA8CEF005C3E83 /* Frameworks */ = {
			isa = PBXFrameworksBuildPhase;
			buildActionMask = 2147483647;
			files = (
				6DB519961CCA8CEF005C3E83 /* TextAttributes.framework in Frameworks */,
			);
			runOnlyForDeploymentPostprocessing = 0;
		};
		6DDF4E2C1CD1260A002AA459 /* Frameworks */ = {
			isa = PBXFrameworksBuildPhase;
			buildActionMask = 2147483647;
			files = (
			);
			runOnlyForDeploymentPostprocessing = 0;
		};
		6DDF4E361CD1260B002AA459 /* Frameworks */ = {
			isa = PBXFrameworksBuildPhase;
			buildActionMask = 2147483647;
			files = (
				6DDF4E3A1CD1260B002AA459 /* TextAttributes.framework in Frameworks */,
			);
			runOnlyForDeploymentPostprocessing = 0;
		};
/* End PBXFrameworksBuildPhase section */

/* Begin PBXGroup section */
		6D24752D1CAAB1050044D223 = {
			isa = PBXGroup;
			children = (
				6D2475381CAAB1050044D223 /* Products */,
				6D2475391CAAB1050044D223 /* Source */,
				6D2475451CAAB1050044D223 /* Tests */,
			);
			indentWidth = 4;
			sourceTree = "<group>";
			tabWidth = 4;
		};
		6D2475381CAAB1050044D223 /* Products */ = {
			isa = PBXGroup;
			children = (
				6D2475371CAAB1050044D223 /* TextAttributes.framework */,
				6D2475411CAAB1050044D223 /* TextAttributes iOS Tests.xctest */,
				6DB519781CCA7F30005C3E83 /* TextAttributes.framework */,
				6DB5198C1CCA8CEF005C3E83 /* TextAttributes.framework */,
				6DB519951CCA8CEF005C3E83 /* TextAttributes tvOS Tests.xctest */,
				6DDF4E301CD1260A002AA459 /* TextAttributes.framework */,
				6DDF4E391CD1260B002AA459 /* TextAttributes OSX Tests.xctest */,
			);
			name = Products;
			sourceTree = "<group>";
		};
		6D2475391CAAB1050044D223 /* Source */ = {
			isa = PBXGroup;
			children = (
				6D5F82CF1CADCD2300237532 /* Supporting Files */,
				6DC3C56A1CB82FCB00ED7249 /* AttributedString.swift */,
				6D2475511CAAB1140044D223 /* TextAttributes.swift */,
			);
			path = Source;
			sourceTree = "<group>";
		};
		6D2475451CAAB1050044D223 /* Tests */ = {
			isa = PBXGroup;
			children = (
				6D5F82D01CADCD3400237532 /* Supporting Files */,
				6D2475461CAAB1050044D223 /* TextAttributesTests.swift */,
			);
			path = Tests;
			sourceTree = "<group>";
		};
		6D5F82CF1CADCD2300237532 /* Supporting Files */ = {
			isa = PBXGroup;
			children = (
				6D24753C1CAAB1050044D223 /* Info.plist */,
				6D24753A1CAAB1050044D223 /* TextAttributes.h */,
				6DB8402C1CB1F398002AB94E /* Utilities.swift */,
			);
			path = "Supporting Files";
			sourceTree = "<group>";
		};
		6D5F82D01CADCD3400237532 /* Supporting Files */ = {
			isa = PBXGroup;
			children = (
				6D2475481CAAB1050044D223 /* Info.plist */,
			);
			path = "Supporting Files";
			sourceTree = "<group>";
		};
/* End PBXGroup section */

/* Begin PBXHeadersBuildPhase section */
		6D2475341CAAB1050044D223 /* Headers */ = {
			isa = PBXHeadersBuildPhase;
			buildActionMask = 2147483647;
			files = (
				6D24753B1CAAB1050044D223 /* TextAttributes.h in Headers */,
			);
			runOnlyForDeploymentPostprocessing = 0;
		};
		6DB519751CCA7F30005C3E83 /* Headers */ = {
			isa = PBXHeadersBuildPhase;
			buildActionMask = 2147483647;
			files = (
				6DB519801CCA8189005C3E83 /* TextAttributes.h in Headers */,
			);
			runOnlyForDeploymentPostprocessing = 0;
		};
		6DB519891CCA8CEF005C3E83 /* Headers */ = {
			isa = PBXHeadersBuildPhase;
			buildActionMask = 2147483647;
			files = (
				6DB519A31CCA8D8F005C3E83 /* TextAttributes.h in Headers */,
			);
			runOnlyForDeploymentPostprocessing = 0;
		};
		6DDF4E2D1CD1260A002AA459 /* Headers */ = {
			isa = PBXHeadersBuildPhase;
			buildActionMask = 2147483647;
			files = (
				6DDF4E471CD203A3002AA459 /* TextAttributes.h in Headers */,
			);
			runOnlyForDeploymentPostprocessing = 0;
		};
/* End PBXHeadersBuildPhase section */

/* Begin PBXNativeTarget section */
		6D2475361CAAB1050044D223 /* TextAttributes iOS */ = {
			isa = PBXNativeTarget;
			buildConfigurationList = 6D24754B1CAAB1050044D223 /* Build configuration list for PBXNativeTarget "TextAttributes iOS" */;
			buildPhases = (
				6D2475321CAAB1050044D223 /* Sources */,
				6D2475331CAAB1050044D223 /* Frameworks */,
				6D2475341CAAB1050044D223 /* Headers */,
				6D2475351CAAB1050044D223 /* Resources */,
			);
			buildRules = (
			);
			dependencies = (
			);
			name = "TextAttributes iOS";
			productName = TextAttributes;
			productReference = 6D2475371CAAB1050044D223 /* TextAttributes.framework */;
			productType = "com.apple.product-type.framework";
		};
		6D2475401CAAB1050044D223 /* TextAttributes iOS Tests */ = {
			isa = PBXNativeTarget;
			buildConfigurationList = 6D24754E1CAAB1050044D223 /* Build configuration list for PBXNativeTarget "TextAttributes iOS Tests" */;
			buildPhases = (
				6D24753D1CAAB1050044D223 /* Sources */,
				6D24753E1CAAB1050044D223 /* Frameworks */,
				6D24753F1CAAB1050044D223 /* Resources */,
			);
			buildRules = (
			);
			dependencies = (
				6D2475441CAAB1050044D223 /* PBXTargetDependency */,
			);
			name = "TextAttributes iOS Tests";
			productName = TextAttributesTests;
			productReference = 6D2475411CAAB1050044D223 /* TextAttributes iOS Tests.xctest */;
			productType = "com.apple.product-type.bundle.unit-test";
		};
		6DB519771CCA7F30005C3E83 /* TextAttributes watchOS */ = {
			isa = PBXNativeTarget;
			buildConfigurationList = 6DB5197F1CCA7F31005C3E83 /* Build configuration list for PBXNativeTarget "TextAttributes watchOS" */;
			buildPhases = (
				6DB519731CCA7F30005C3E83 /* Sources */,
				6DB519741CCA7F30005C3E83 /* Frameworks */,
				6DB519751CCA7F30005C3E83 /* Headers */,
				6DB519761CCA7F30005C3E83 /* Resources */,
			);
			buildRules = (
			);
			dependencies = (
			);
			name = "TextAttributes watchOS";
			productName = "TextAttributes watchOS";
			productReference = 6DB519781CCA7F30005C3E83 /* TextAttributes.framework */;
			productType = "com.apple.product-type.framework";
		};
		6DB5198B1CCA8CEF005C3E83 /* TextAttributes tvOS */ = {
			isa = PBXNativeTarget;
			buildConfigurationList = 6DB519A11CCA8CEF005C3E83 /* Build configuration list for PBXNativeTarget "TextAttributes tvOS" */;
			buildPhases = (
				6DB519871CCA8CEF005C3E83 /* Sources */,
				6DB519881CCA8CEF005C3E83 /* Frameworks */,
				6DB519891CCA8CEF005C3E83 /* Headers */,
				6DB5198A1CCA8CEF005C3E83 /* Resources */,
			);
			buildRules = (
			);
			dependencies = (
			);
			name = "TextAttributes tvOS";
			productName = "TextAttributes tvOS";
			productReference = 6DB5198C1CCA8CEF005C3E83 /* TextAttributes.framework */;
			productType = "com.apple.product-type.framework";
		};
		6DB519941CCA8CEF005C3E83 /* TextAttributes tvOS Tests */ = {
			isa = PBXNativeTarget;
			buildConfigurationList = 6DB519A21CCA8CEF005C3E83 /* Build configuration list for PBXNativeTarget "TextAttributes tvOS Tests" */;
			buildPhases = (
				6DB519911CCA8CEF005C3E83 /* Sources */,
				6DB519921CCA8CEF005C3E83 /* Frameworks */,
				6DB519931CCA8CEF005C3E83 /* Resources */,
			);
			buildRules = (
			);
			dependencies = (
				6DB519981CCA8CEF005C3E83 /* PBXTargetDependency */,
			);
			name = "TextAttributes tvOS Tests";
			productName = "TextAttributes tvOSTests";
			productReference = 6DB519951CCA8CEF005C3E83 /* TextAttributes tvOS Tests.xctest */;
			productType = "com.apple.product-type.bundle.unit-test";
		};
		6DDF4E2F1CD1260A002AA459 /* TextAttributes OSX */ = {
			isa = PBXNativeTarget;
			buildConfigurationList = 6DDF4E451CD1260B002AA459 /* Build configuration list for PBXNativeTarget "TextAttributes OSX" */;
			buildPhases = (
				6DDF4E2B1CD1260A002AA459 /* Sources */,
				6DDF4E2C1CD1260A002AA459 /* Frameworks */,
				6DDF4E2D1CD1260A002AA459 /* Headers */,
				6DDF4E2E1CD1260A002AA459 /* Resources */,
			);
			buildRules = (
			);
			dependencies = (
			);
			name = "TextAttributes OSX";
			productName = TextAttributes;
			productReference = 6DDF4E301CD1260A002AA459 /* TextAttributes.framework */;
			productType = "com.apple.product-type.framework";
		};
		6DDF4E381CD1260B002AA459 /* TextAttributes OSX Tests */ = {
			isa = PBXNativeTarget;
			buildConfigurationList = 6DDF4E461CD1260B002AA459 /* Build configuration list for PBXNativeTarget "TextAttributes OSX Tests" */;
			buildPhases = (
				6DDF4E351CD1260B002AA459 /* Sources */,
				6DDF4E361CD1260B002AA459 /* Frameworks */,
				6DDF4E371CD1260B002AA459 /* Resources */,
			);
			buildRules = (
			);
			dependencies = (
				6DDF4E3C1CD1260B002AA459 /* PBXTargetDependency */,
			);
			name = "TextAttributes OSX Tests";
			productName = TextAttributesTests;
			productReference = 6DDF4E391CD1260B002AA459 /* TextAttributes OSX Tests.xctest */;
			productType = "com.apple.product-type.bundle.unit-test";
		};
/* End PBXNativeTarget section */

/* Begin PBXProject section */
		6D24752E1CAAB1050044D223 /* Project object */ = {
			isa = PBXProject;
			attributes = {
				LastSwiftUpdateCheck = 0730;
				LastUpgradeCheck = 0900;
				ORGANIZATIONNAME = delba;
				TargetAttributes = {
					6D2475361CAAB1050044D223 = {
						CreatedOnToolsVersion = 7.2;
						LastSwiftMigration = 0900;
					};
					6D2475401CAAB1050044D223 = {
						CreatedOnToolsVersion = 7.2;
					};
					6DB519771CCA7F30005C3E83 = {
						CreatedOnToolsVersion = 7.3;
					};
					6DB5198B1CCA8CEF005C3E83 = {
						CreatedOnToolsVersion = 7.3;
					};
					6DB519941CCA8CEF005C3E83 = {
						CreatedOnToolsVersion = 7.3;
					};
					6DDF4E2F1CD1260A002AA459 = {
						CreatedOnToolsVersion = 7.3;
						LastSwiftMigration = 0800;
					};
					6DDF4E381CD1260B002AA459 = {
						CreatedOnToolsVersion = 7.3;
						LastSwiftMigration = 0800;
					};
				};
			};
			buildConfigurationList = 6D2475311CAAB1050044D223 /* Build configuration list for PBXProject "TextAttributes" */;
			compatibilityVersion = "Xcode 3.2";
			developmentRegion = English;
			hasScannedForEncodings = 0;
			knownRegions = (
				en,
			);
			mainGroup = 6D24752D1CAAB1050044D223;
			productRefGroup = 6D2475381CAAB1050044D223 /* Products */;
			projectDirPath = "";
			projectRoot = "";
			targets = (
				6D2475361CAAB1050044D223 /* TextAttributes iOS */,
				6D2475401CAAB1050044D223 /* TextAttributes iOS Tests */,
				6DB5198B1CCA8CEF005C3E83 /* TextAttributes tvOS */,
				6DB519941CCA8CEF005C3E83 /* TextAttributes tvOS Tests */,
				6DDF4E2F1CD1260A002AA459 /* TextAttributes OSX */,
				6DDF4E381CD1260B002AA459 /* TextAttributes OSX Tests */,
				6DB519771CCA7F30005C3E83 /* TextAttributes watchOS */,
			);
		};
/* End PBXProject section */

/* Begin PBXResourcesBuildPhase section */
		6D2475351CAAB1050044D223 /* Resources */ = {
			isa = PBXResourcesBuildPhase;
			buildActionMask = 2147483647;
			files = (
			);
			runOnlyForDeploymentPostprocessing = 0;
		};
		6D24753F1CAAB1050044D223 /* Resources */ = {
			isa = PBXResourcesBuildPhase;
			buildActionMask = 2147483647;
			files = (
			);
			runOnlyForDeploymentPostprocessing = 0;
		};
		6DB519761CCA7F30005C3E83 /* Resources */ = {
			isa = PBXResourcesBuildPhase;
			buildActionMask = 2147483647;
			files = (
			);
			runOnlyForDeploymentPostprocessing = 0;
		};
		6DB5198A1CCA8CEF005C3E83 /* Resources */ = {
			isa = PBXResourcesBuildPhase;
			buildActionMask = 2147483647;
			files = (
			);
			runOnlyForDeploymentPostprocessing = 0;
		};
		6DB519931CCA8CEF005C3E83 /* Resources */ = {
			isa = PBXResourcesBuildPhase;
			buildActionMask = 2147483647;
			files = (
			);
			runOnlyForDeploymentPostprocessing = 0;
		};
		6DDF4E2E1CD1260A002AA459 /* Resources */ = {
			isa = PBXResourcesBuildPhase;
			buildActionMask = 2147483647;
			files = (
			);
			runOnlyForDeploymentPostprocessing = 0;
		};
		6DDF4E371CD1260B002AA459 /* Resources */ = {
			isa = PBXResourcesBuildPhase;
			buildActionMask = 2147483647;
			files = (
			);
			runOnlyForDeploymentPostprocessing = 0;
		};
/* End PBXResourcesBuildPhase section */

/* Begin PBXSourcesBuildPhase section */
		6D2475321CAAB1050044D223 /* Sources */ = {
			isa = PBXSourcesBuildPhase;
			buildActionMask = 2147483647;
			files = (
				6DC3C56B1CB82FCB00ED7249 /* AttributedString.swift in Sources */,
				6D2475521CAAB1140044D223 /* TextAttributes.swift in Sources */,
				6DB8402D1CB1F398002AB94E /* Utilities.swift in Sources */,
			);
			runOnlyForDeploymentPostprocessing = 0;
		};
		6D24753D1CAAB1050044D223 /* Sources */ = {
			isa = PBXSourcesBuildPhase;
			buildActionMask = 2147483647;
			files = (
				6D2475471CAAB1050044D223 /* TextAttributesTests.swift in Sources */,
			);
			runOnlyForDeploymentPostprocessing = 0;
		};
		6DB519731CCA7F30005C3E83 /* Sources */ = {
			isa = PBXSourcesBuildPhase;
			buildActionMask = 2147483647;
			files = (
				6DB519821CCA819A005C3E83 /* AttributedString.swift in Sources */,
				6DB519811CCA8195005C3E83 /* Utilities.swift in Sources */,
				6DB519861CCA8AD9005C3E83 /* TextAttributes.swift in Sources */,
			);
			runOnlyForDeploymentPostprocessing = 0;
		};
		6DB519871CCA8CEF005C3E83 /* Sources */ = {
			isa = PBXSourcesBuildPhase;
			buildActionMask = 2147483647;
			files = (
				6DB519CB1CCA9101005C3E83 /* AttributedString.swift in Sources */,
				6DB519CA1CCA9101005C3E83 /* Utilities.swift in Sources */,
				6DB519C91CCA90FB005C3E83 /* TextAttributes.swift in Sources */,
			);
			runOnlyForDeploymentPostprocessing = 0;
		};
		6DB519911CCA8CEF005C3E83 /* Sources */ = {
			isa = PBXSourcesBuildPhase;
			buildActionMask = 2147483647;
			files = (
				6DB519CC1CCA9107005C3E83 /* TextAttributesTests.swift in Sources */,
			);
			runOnlyForDeploymentPostprocessing = 0;
		};
		6DDF4E2B1CD1260A002AA459 /* Sources */ = {
			isa = PBXSourcesBuildPhase;
			buildActionMask = 2147483647;
			files = (
				6DDF4E4A1CD2045A002AA459 /* Utilities.swift in Sources */,
				6DDF4E491CD20456002AA459 /* AttributedString.swift in Sources */,
				6DDF4E481CD20452002AA459 /* TextAttributes.swift in Sources */,
			);
			runOnlyForDeploymentPostprocessing = 0;
		};
		6DDF4E351CD1260B002AA459 /* Sources */ = {
			isa = PBXSourcesBuildPhase;
			buildActionMask = 2147483647;
			files = (
				6DDF4E4B1CD20817002AA459 /* TextAttributesTests.swift in Sources */,
			);
			runOnlyForDeploymentPostprocessing = 0;
		};
/* End PBXSourcesBuildPhase section */

/* Begin PBXTargetDependency section */
		6D2475441CAAB1050044D223 /* PBXTargetDependency */ = {
			isa = PBXTargetDependency;
			target = 6D2475361CAAB1050044D223 /* TextAttributes iOS */;
			targetProxy = 6D2475431CAAB1050044D223 /* PBXContainerItemProxy */;
		};
		6DB519981CCA8CEF005C3E83 /* PBXTargetDependency */ = {
			isa = PBXTargetDependency;
			target = 6DB5198B1CCA8CEF005C3E83 /* TextAttributes tvOS */;
			targetProxy = 6DB519971CCA8CEF005C3E83 /* PBXContainerItemProxy */;
		};
		6DDF4E3C1CD1260B002AA459 /* PBXTargetDependency */ = {
			isa = PBXTargetDependency;
			target = 6DDF4E2F1CD1260A002AA459 /* TextAttributes OSX */;
			targetProxy = 6DDF4E3B1CD1260B002AA459 /* PBXContainerItemProxy */;
		};
/* End PBXTargetDependency section */

/* Begin XCBuildConfiguration section */
		6D2475491CAAB1050044D223 /* Debug */ = {
			isa = XCBuildConfiguration;
			buildSettings = {
				ALWAYS_SEARCH_USER_PATHS = NO;
				CLANG_CXX_LANGUAGE_STANDARD = "gnu++0x";
				CLANG_CXX_LIBRARY = "libc++";
				CLANG_ENABLE_MODULES = YES;
				CLANG_ENABLE_OBJC_ARC = YES;
				CLANG_WARN_BLOCK_CAPTURE_AUTORELEASING = YES;
				CLANG_WARN_BOOL_CONVERSION = YES;
				CLANG_WARN_COMMA = YES;
				CLANG_WARN_CONSTANT_CONVERSION = YES;
				CLANG_WARN_DIRECT_OBJC_ISA_USAGE = YES_ERROR;
				CLANG_WARN_EMPTY_BODY = YES;
				CLANG_WARN_ENUM_CONVERSION = YES;
				CLANG_WARN_INFINITE_RECURSION = YES;
				CLANG_WARN_INT_CONVERSION = YES;
				CLANG_WARN_NON_LITERAL_NULL_CONVERSION = YES;
				CLANG_WARN_OBJC_LITERAL_CONVERSION = YES;
				CLANG_WARN_OBJC_ROOT_CLASS = YES_ERROR;
				CLANG_WARN_RANGE_LOOP_ANALYSIS = YES;
				CLANG_WARN_STRICT_PROTOTYPES = YES;
				CLANG_WARN_SUSPICIOUS_MOVE = YES;
				CLANG_WARN_UNREACHABLE_CODE = YES;
				CLANG_WARN__DUPLICATE_METHOD_MATCH = YES;
				"CODE_SIGN_IDENTITY[sdk=iphoneos*]" = "iPhone Developer";
				COPY_PHASE_STRIP = NO;
				CURRENT_PROJECT_VERSION = 1;
				DEBUG_INFORMATION_FORMAT = dwarf;
				ENABLE_STRICT_OBJC_MSGSEND = YES;
				ENABLE_TESTABILITY = YES;
				GCC_C_LANGUAGE_STANDARD = gnu99;
				GCC_DYNAMIC_NO_PIC = NO;
				GCC_NO_COMMON_BLOCKS = YES;
				GCC_OPTIMIZATION_LEVEL = 0;
				GCC_PREPROCESSOR_DEFINITIONS = (
					"DEBUG=1",
					"$(inherited)",
				);
				GCC_WARN_64_TO_32_BIT_CONVERSION = YES;
				GCC_WARN_ABOUT_RETURN_TYPE = YES_ERROR;
				GCC_WARN_UNDECLARED_SELECTOR = YES;
				GCC_WARN_UNINITIALIZED_AUTOS = YES_AGGRESSIVE;
				GCC_WARN_UNUSED_FUNCTION = YES;
				GCC_WARN_UNUSED_VARIABLE = YES;
				IPHONEOS_DEPLOYMENT_TARGET = 8.0;
				MTL_ENABLE_DEBUG_INFO = YES;
				ONLY_ACTIVE_ARCH = YES;
				SDKROOT = iphoneos;
				SWIFT_OPTIMIZATION_LEVEL = "-Onone";
				TARGETED_DEVICE_FAMILY = "1,2";
				VERSIONING_SYSTEM = "apple-generic";
				VERSION_INFO_PREFIX = "";
			};
			name = Debug;
		};
		6D24754A1CAAB1050044D223 /* Release */ = {
			isa = XCBuildConfiguration;
			buildSettings = {
				ALWAYS_SEARCH_USER_PATHS = NO;
				CLANG_CXX_LANGUAGE_STANDARD = "gnu++0x";
				CLANG_CXX_LIBRARY = "libc++";
				CLANG_ENABLE_MODULES = YES;
				CLANG_ENABLE_OBJC_ARC = YES;
				CLANG_WARN_BLOCK_CAPTURE_AUTORELEASING = YES;
				CLANG_WARN_BOOL_CONVERSION = YES;
				CLANG_WARN_COMMA = YES;
				CLANG_WARN_CONSTANT_CONVERSION = YES;
				CLANG_WARN_DIRECT_OBJC_ISA_USAGE = YES_ERROR;
				CLANG_WARN_EMPTY_BODY = YES;
				CLANG_WARN_ENUM_CONVERSION = YES;
				CLANG_WARN_INFINITE_RECURSION = YES;
				CLANG_WARN_INT_CONVERSION = YES;
				CLANG_WARN_NON_LITERAL_NULL_CONVERSION = YES;
				CLANG_WARN_OBJC_LITERAL_CONVERSION = YES;
				CLANG_WARN_OBJC_ROOT_CLASS = YES_ERROR;
				CLANG_WARN_RANGE_LOOP_ANALYSIS = YES;
				CLANG_WARN_STRICT_PROTOTYPES = YES;
				CLANG_WARN_SUSPICIOUS_MOVE = YES;
				CLANG_WARN_UNREACHABLE_CODE = YES;
				CLANG_WARN__DUPLICATE_METHOD_MATCH = YES;
				"CODE_SIGN_IDENTITY[sdk=iphoneos*]" = "iPhone Developer";
				COPY_PHASE_STRIP = NO;
				CURRENT_PROJECT_VERSION = 1;
				DEBUG_INFORMATION_FORMAT = "dwarf-with-dsym";
				ENABLE_NS_ASSERTIONS = NO;
				ENABLE_STRICT_OBJC_MSGSEND = YES;
				GCC_C_LANGUAGE_STANDARD = gnu99;
				GCC_NO_COMMON_BLOCKS = YES;
				GCC_WARN_64_TO_32_BIT_CONVERSION = YES;
				GCC_WARN_ABOUT_RETURN_TYPE = YES_ERROR;
				GCC_WARN_UNDECLARED_SELECTOR = YES;
				GCC_WARN_UNINITIALIZED_AUTOS = YES_AGGRESSIVE;
				GCC_WARN_UNUSED_FUNCTION = YES;
				GCC_WARN_UNUSED_VARIABLE = YES;
				IPHONEOS_DEPLOYMENT_TARGET = 8.0;
				MTL_ENABLE_DEBUG_INFO = NO;
				SDKROOT = iphoneos;
				SWIFT_OPTIMIZATION_LEVEL = "-Owholemodule";
				TARGETED_DEVICE_FAMILY = "1,2";
				VALIDATE_PRODUCT = YES;
				VERSIONING_SYSTEM = "apple-generic";
				VERSION_INFO_PREFIX = "";
			};
			name = Release;
		};
		6D24754C1CAAB1050044D223 /* Debug */ = {
			isa = XCBuildConfiguration;
			buildSettings = {
				APPLICATION_EXTENSION_API_ONLY = YES;
				CLANG_ENABLE_MODULES = YES;
				"CODE_SIGN_IDENTITY[sdk=iphoneos*]" = "";
				DEFINES_MODULE = YES;
				DYLIB_COMPATIBILITY_VERSION = 1;
				DYLIB_CURRENT_VERSION = 1;
				DYLIB_INSTALL_NAME_BASE = "@rpath";
				INFOPLIST_FILE = "Source/Supporting Files/Info.plist";
				INSTALL_PATH = "$(LOCAL_LIBRARY_DIR)/Frameworks";
				IPHONEOS_DEPLOYMENT_TARGET = 8.0;
				LD_RUNPATH_SEARCH_PATHS = "$(inherited) @executable_path/Frameworks @loader_path/Frameworks";
				PRODUCT_BUNDLE_IDENTIFIER = io.delba.TextAttributes;
				PRODUCT_NAME = TextAttributes;
				SKIP_INSTALL = YES;
				SWIFT_OPTIMIZATION_LEVEL = "-Onone";
				SWIFT_SWIFT3_OBJC_INFERENCE = Off;
				SWIFT_VERSION = 4.0;
			};
			name = Debug;
		};
		6D24754D1CAAB1050044D223 /* Release */ = {
			isa = XCBuildConfiguration;
			buildSettings = {
				APPLICATION_EXTENSION_API_ONLY = YES;
				CLANG_ENABLE_MODULES = YES;
				"CODE_SIGN_IDENTITY[sdk=iphoneos*]" = "";
				DEFINES_MODULE = YES;
				DYLIB_COMPATIBILITY_VERSION = 1;
				DYLIB_CURRENT_VERSION = 1;
				DYLIB_INSTALL_NAME_BASE = "@rpath";
				INFOPLIST_FILE = "Source/Supporting Files/Info.plist";
				INSTALL_PATH = "$(LOCAL_LIBRARY_DIR)/Frameworks";
				IPHONEOS_DEPLOYMENT_TARGET = 8.0;
				LD_RUNPATH_SEARCH_PATHS = "$(inherited) @executable_path/Frameworks @loader_path/Frameworks";
				PRODUCT_BUNDLE_IDENTIFIER = io.delba.TextAttributes;
				PRODUCT_NAME = TextAttributes;
				SKIP_INSTALL = YES;
				SWIFT_SWIFT3_OBJC_INFERENCE = Off;
				SWIFT_VERSION = 4.0;
			};
			name = Release;
		};
		6D24754F1CAAB1050044D223 /* Debug */ = {
			isa = XCBuildConfiguration;
			buildSettings = {
				INFOPLIST_FILE = "Tests/Supporting Files/Info.plist";
				LD_RUNPATH_SEARCH_PATHS = "$(inherited) @executable_path/Frameworks @loader_path/Frameworks";
				PRODUCT_BUNDLE_IDENTIFIER = io.delba.TextAttributesTests;
				PRODUCT_NAME = "$(TARGET_NAME)";
				SWIFT_VERSION = 3.0;
			};
			name = Debug;
		};
		6D2475501CAAB1050044D223 /* Release */ = {
			isa = XCBuildConfiguration;
			buildSettings = {
				INFOPLIST_FILE = "Tests/Supporting Files/Info.plist";
				LD_RUNPATH_SEARCH_PATHS = "$(inherited) @executable_path/Frameworks @loader_path/Frameworks";
				PRODUCT_BUNDLE_IDENTIFIER = io.delba.TextAttributesTests;
				PRODUCT_NAME = "$(TARGET_NAME)";
				SWIFT_VERSION = 3.0;
			};
			name = Release;
		};
		6DB5197D1CCA7F30005C3E83 /* Debug */ = {
			isa = XCBuildConfiguration;
			buildSettings = {
				APPLICATION_EXTENSION_API_ONLY = YES;
				CLANG_ANALYZER_NONNULL = YES;
				"CODE_SIGN_IDENTITY[sdk=watchos*]" = "";
				DEFINES_MODULE = YES;
				DYLIB_COMPATIBILITY_VERSION = 1;
				DYLIB_CURRENT_VERSION = 1;
				DYLIB_INSTALL_NAME_BASE = "@rpath";
				INFOPLIST_FILE = "$(SRCROOT)/Source/Supporting Files/Info.plist";
				INSTALL_PATH = "$(LOCAL_LIBRARY_DIR)/Frameworks";
				LD_RUNPATH_SEARCH_PATHS = "$(inherited) @executable_path/Frameworks @loader_path/Frameworks";
				PRODUCT_BUNDLE_IDENTIFIER = "io.delba.TextAttributes-watchOS";
				PRODUCT_NAME = TextAttributes;
				SDKROOT = watchos;
				SKIP_INSTALL = YES;
				SWIFT_VERSION = 3.0;
				TARGETED_DEVICE_FAMILY = 4;
				WATCHOS_DEPLOYMENT_TARGET = 2.2;
			};
			name = Debug;
		};
		6DB5197E1CCA7F30005C3E83 /* Release */ = {
			isa = XCBuildConfiguration;
			buildSettings = {
				APPLICATION_EXTENSION_API_ONLY = YES;
				CLANG_ANALYZER_NONNULL = YES;
				"CODE_SIGN_IDENTITY[sdk=watchos*]" = "";
				DEFINES_MODULE = YES;
				DYLIB_COMPATIBILITY_VERSION = 1;
				DYLIB_CURRENT_VERSION = 1;
				DYLIB_INSTALL_NAME_BASE = "@rpath";
				INFOPLIST_FILE = "$(SRCROOT)/Source/Supporting Files/Info.plist";
				INSTALL_PATH = "$(LOCAL_LIBRARY_DIR)/Frameworks";
				LD_RUNPATH_SEARCH_PATHS = "$(inherited) @executable_path/Frameworks @loader_path/Frameworks";
				PRODUCT_BUNDLE_IDENTIFIER = "io.delba.TextAttributes-watchOS";
				PRODUCT_NAME = TextAttributes;
				SDKROOT = watchos;
				SKIP_INSTALL = YES;
				SWIFT_VERSION = 3.0;
				TARGETED_DEVICE_FAMILY = 4;
				WATCHOS_DEPLOYMENT_TARGET = 2.2;
			};
			name = Release;
		};
		6DB5199D1CCA8CEF005C3E83 /* Debug */ = {
			isa = XCBuildConfiguration;
			buildSettings = {
				APPLICATION_EXTENSION_API_ONLY = YES;
				CLANG_ANALYZER_NONNULL = YES;
				"CODE_SIGN_IDENTITY[sdk=appletvos*]" = "";
				DEFINES_MODULE = YES;
				DYLIB_COMPATIBILITY_VERSION = 1;
				DYLIB_CURRENT_VERSION = 1;
				DYLIB_INSTALL_NAME_BASE = "@rpath";
				INFOPLIST_FILE = "$(SRCROOT)/Source/Supporting Files/Info.plist";
				INSTALL_PATH = "$(LOCAL_LIBRARY_DIR)/Frameworks";
				LD_RUNPATH_SEARCH_PATHS = "$(inherited) @executable_path/Frameworks @loader_path/Frameworks";
				PRODUCT_BUNDLE_IDENTIFIER = "io.delba.TextAttributes-tvOS";
				PRODUCT_NAME = TextAttributes;
				SDKROOT = appletvos;
				SKIP_INSTALL = YES;
				SWIFT_VERSION = 3.0;
				TARGETED_DEVICE_FAMILY = 3;
				TVOS_DEPLOYMENT_TARGET = 9.0;
			};
			name = Debug;
		};
		6DB5199E1CCA8CEF005C3E83 /* Release */ = {
			isa = XCBuildConfiguration;
			buildSettings = {
				APPLICATION_EXTENSION_API_ONLY = YES;
				CLANG_ANALYZER_NONNULL = YES;
				"CODE_SIGN_IDENTITY[sdk=appletvos*]" = "";
				DEFINES_MODULE = YES;
				DYLIB_COMPATIBILITY_VERSION = 1;
				DYLIB_CURRENT_VERSION = 1;
				DYLIB_INSTALL_NAME_BASE = "@rpath";
				INFOPLIST_FILE = "$(SRCROOT)/Source/Supporting Files/Info.plist";
				INSTALL_PATH = "$(LOCAL_LIBRARY_DIR)/Frameworks";
				LD_RUNPATH_SEARCH_PATHS = "$(inherited) @executable_path/Frameworks @loader_path/Frameworks";
				PRODUCT_BUNDLE_IDENTIFIER = "io.delba.TextAttributes-tvOS";
				PRODUCT_NAME = TextAttributes;
				SDKROOT = appletvos;
				SKIP_INSTALL = YES;
				SWIFT_VERSION = 3.0;
				TARGETED_DEVICE_FAMILY = 3;
				TVOS_DEPLOYMENT_TARGET = 9.0;
			};
			name = Release;
		};
		6DB5199F1CCA8CEF005C3E83 /* Debug */ = {
			isa = XCBuildConfiguration;
			buildSettings = {
				CLANG_ANALYZER_NONNULL = YES;
				INFOPLIST_FILE = "$(SRCROOT)/Tests/Supporting Files/Info.plist";
				LD_RUNPATH_SEARCH_PATHS = "$(inherited) @executable_path/Frameworks @loader_path/Frameworks";
				PRODUCT_BUNDLE_IDENTIFIER = "io.delba.TextAttributes-tvOSTests";
				PRODUCT_NAME = "$(TARGET_NAME)";
				SDKROOT = appletvos;
				SWIFT_VERSION = 3.0;
				TVOS_DEPLOYMENT_TARGET = 9.2;
			};
			name = Debug;
		};
		6DB519A01CCA8CEF005C3E83 /* Release */ = {
			isa = XCBuildConfiguration;
			buildSettings = {
				CLANG_ANALYZER_NONNULL = YES;
				INFOPLIST_FILE = "$(SRCROOT)/Tests/Supporting Files/Info.plist";
				LD_RUNPATH_SEARCH_PATHS = "$(inherited) @executable_path/Frameworks @loader_path/Frameworks";
				PRODUCT_BUNDLE_IDENTIFIER = "io.delba.TextAttributes-tvOSTests";
				PRODUCT_NAME = "$(TARGET_NAME)";
				SDKROOT = appletvos;
				SWIFT_VERSION = 3.0;
				TVOS_DEPLOYMENT_TARGET = 9.2;
			};
			name = Release;
		};
		6DDF4E411CD1260B002AA459 /* Debug */ = {
			isa = XCBuildConfiguration;
			buildSettings = {
				APPLICATION_EXTENSION_API_ONLY = YES;
				CLANG_ANALYZER_NONNULL = YES;
				CODE_SIGN_IDENTITY = "";
				COMBINE_HIDPI_IMAGES = YES;
				DEFINES_MODULE = YES;
				DYLIB_COMPATIBILITY_VERSION = 1;
				DYLIB_CURRENT_VERSION = 1;
				DYLIB_INSTALL_NAME_BASE = "@rpath";
				FRAMEWORK_VERSION = A;
				INFOPLIST_FILE = "$(SRCROOT)/Source/Supporting Files/Info.plist";
				INSTALL_PATH = "$(LOCAL_LIBRARY_DIR)/Frameworks";
				LD_RUNPATH_SEARCH_PATHS = "$(inherited) @executable_path/../Frameworks @loader_path/Frameworks";
				MACOSX_DEPLOYMENT_TARGET = 10.10;
				PRODUCT_BUNDLE_IDENTIFIER = io.delba.TextAttributes;
				PRODUCT_NAME = TextAttributes;
				SDKROOT = macosx;
				SKIP_INSTALL = YES;
				SWIFT_VERSION = 3.0;
			};
			name = Debug;
		};
		6DDF4E421CD1260B002AA459 /* Release */ = {
			isa = XCBuildConfiguration;
			buildSettings = {
				APPLICATION_EXTENSION_API_ONLY = YES;
				CLANG_ANALYZER_NONNULL = YES;
				CODE_SIGN_IDENTITY = "";
				COMBINE_HIDPI_IMAGES = YES;
				DEFINES_MODULE = YES;
				DYLIB_COMPATIBILITY_VERSION = 1;
				DYLIB_CURRENT_VERSION = 1;
				DYLIB_INSTALL_NAME_BASE = "@rpath";
				FRAMEWORK_VERSION = A;
				INFOPLIST_FILE = "$(SRCROOT)/Source/Supporting Files/Info.plist";
				INSTALL_PATH = "$(LOCAL_LIBRARY_DIR)/Frameworks";
				LD_RUNPATH_SEARCH_PATHS = "$(inherited) @executable_path/../Frameworks @loader_path/Frameworks";
				MACOSX_DEPLOYMENT_TARGET = 10.10;
				PRODUCT_BUNDLE_IDENTIFIER = io.delba.TextAttributes;
				PRODUCT_NAME = TextAttributes;
				SDKROOT = macosx;
				SKIP_INSTALL = YES;
				SWIFT_VERSION = 3.0;
			};
			name = Release;
		};
		6DDF4E431CD1260B002AA459 /* Debug */ = {
			isa = XCBuildConfiguration;
			buildSettings = {
				CLANG_ANALYZER_NONNULL = YES;
				CODE_SIGN_IDENTITY = "-";
				COMBINE_HIDPI_IMAGES = YES;
				INFOPLIST_FILE = "$(SRCROOT)/Tests/Supporting Files/Info.plist";
				LD_RUNPATH_SEARCH_PATHS = "$(inherited) @executable_path/../Frameworks @loader_path/../Frameworks";
				MACOSX_DEPLOYMENT_TARGET = 10.11;
				PRODUCT_BUNDLE_IDENTIFIER = io.delba.TextAttributesTests;
				PRODUCT_NAME = "$(TARGET_NAME)";
				SDKROOT = macosx;
				SWIFT_VERSION = 3.0;
			};
			name = Debug;
		};
		6DDF4E441CD1260B002AA459 /* Release */ = {
			isa = XCBuildConfiguration;
			buildSettings = {
				CLANG_ANALYZER_NONNULL = YES;
				CODE_SIGN_IDENTITY = "-";
				COMBINE_HIDPI_IMAGES = YES;
				INFOPLIST_FILE = "$(SRCROOT)/Tests/Supporting Files/Info.plist";
				LD_RUNPATH_SEARCH_PATHS = "$(inherited) @executable_path/../Frameworks @loader_path/../Frameworks";
				MACOSX_DEPLOYMENT_TARGET = 10.11;
				PRODUCT_BUNDLE_IDENTIFIER = io.delba.TextAttributesTests;
				PRODUCT_NAME = "$(TARGET_NAME)";
				SDKROOT = macosx;
				SWIFT_VERSION = 3.0;
			};
			name = Release;
		};
/* End XCBuildConfiguration section */

/* Begin XCConfigurationList section */
		6D2475311CAAB1050044D223 /* Build configuration list for PBXProject "TextAttributes" */ = {
			isa = XCConfigurationList;
			buildConfigurations = (
				6D2475491CAAB1050044D223 /* Debug */,
				6D24754A1CAAB1050044D223 /* Release */,
			);
			defaultConfigurationIsVisible = 0;
			defaultConfigurationName = Release;
		};
		6D24754B1CAAB1050044D223 /* Build configuration list for PBXNativeTarget "TextAttributes iOS" */ = {
			isa = XCConfigurationList;
			buildConfigurations = (
				6D24754C1CAAB1050044D223 /* Debug */,
				6D24754D1CAAB1050044D223 /* Release */,
			);
			defaultConfigurationIsVisible = 0;
			defaultConfigurationName = Release;
		};
		6D24754E1CAAB1050044D223 /* Build configuration list for PBXNativeTarget "TextAttributes iOS Tests" */ = {
			isa = XCConfigurationList;
			buildConfigurations = (
				6D24754F1CAAB1050044D223 /* Debug */,
				6D2475501CAAB1050044D223 /* Release */,
			);
			defaultConfigurationIsVisible = 0;
			defaultConfigurationName = Release;
		};
		6DB5197F1CCA7F31005C3E83 /* Build configuration list for PBXNativeTarget "TextAttributes watchOS" */ = {
			isa = XCConfigurationList;
			buildConfigurations = (
				6DB5197D1CCA7F30005C3E83 /* Debug */,
				6DB5197E1CCA7F30005C3E83 /* Release */,
			);
			defaultConfigurationIsVisible = 0;
			defaultConfigurationName = Release;
		};
		6DB519A11CCA8CEF005C3E83 /* Build configuration list for PBXNativeTarget "TextAttributes tvOS" */ = {
			isa = XCConfigurationList;
			buildConfigurations = (
				6DB5199D1CCA8CEF005C3E83 /* Debug */,
				6DB5199E1CCA8CEF005C3E83 /* Release */,
			);
			defaultConfigurationIsVisible = 0;
			defaultConfigurationName = Release;
		};
		6DB519A21CCA8CEF005C3E83 /* Build configuration list for PBXNativeTarget "TextAttributes tvOS Tests" */ = {
			isa = XCConfigurationList;
			buildConfigurations = (
				6DB5199F1CCA8CEF005C3E83 /* Debug */,
				6DB519A01CCA8CEF005C3E83 /* Release */,
			);
			defaultConfigurationIsVisible = 0;
			defaultConfigurationName = Release;
		};
		6DDF4E451CD1260B002AA459 /* Build configuration list for PBXNativeTarget "TextAttributes OSX" */ = {
			isa = XCConfigurationList;
			buildConfigurations = (
				6DDF4E411CD1260B002AA459 /* Debug */,
				6DDF4E421CD1260B002AA459 /* Release */,
			);
			defaultConfigurationIsVisible = 0;
			defaultConfigurationName = Release;
		};
		6DDF4E461CD1260B002AA459 /* Build configuration list for PBXNativeTarget "TextAttributes OSX Tests" */ = {
			isa = XCConfigurationList;
			buildConfigurations = (
				6DDF4E431CD1260B002AA459 /* Debug */,
				6DDF4E441CD1260B002AA459 /* Release */,
			);
			defaultConfigurationIsVisible = 0;
			defaultConfigurationName = Release;
		};
/* End XCConfigurationList section */
	};
	rootObject = 6D24752E1CAAB1050044D223 /* Project object */;
}
